<Solution>
  <Folder Name="/Solution items/">
    <File Path=".gitignore" />
    <File Path="README.md" />
  </Folder>
  <Folder Name="/src/">
    <Project Path="FeiertageApi.Extensions.AspNetCore/FeiertageApi.Extensions.AspNetCore.csproj" />
    <Project Path="FeiertageApi/FeiertageApi.csproj" />
  </Folder>
  <Folder Name="/tests/">
    <Project Path="FeiertageApi.Tests/FeiertageApi.Tests.csproj" />
  </Folder>
</Solution>
